
Microsoft Visual Studio Solution File, Format Version 12.00
# Visual Studio Version 17
VisualStudioVersion = 17.11.35327.3
MinimumVisualStudioVersion = 10.0.40219.1
Project("{FAE04EC0-301F-11D3-BF4B-00C04F79EFBC}") = "Shopping System Project", "Shopping System Project\Shopping System Project.csproj", "{CE394DF9-6E91-4838-9FD9-DE4872702207}"
EndProject
Global
	GlobalSection(SolutionConfigurationPlatforms) = preSolution
		Debug|Any CPU = Debug|Any CPU
		Release|Any CPU = Release|Any CPU
	EndGlobalSection
	GlobalSection(ProjectConfigurationPlatforms) = postSolution
		{CE394DF9-6E91-4838-9FD9-DE4872702207}.Debug|Any CPU.ActiveCfg = Debug|Any CPU
		{CE394DF9-6E91-4838-9FD9-DE4872702207}.Debug|Any CPU.Build.0 = Debug|Any CPU
		{CE394DF9-6E91-4838-9FD9-DE4872702207}.Release|Any CPU.ActiveCfg = Release|Any CPU
		{CE394DF9-6E91-4838-9FD9-DE4872702207}.Release|Any CPU.Build.0 = Release|Any CPU
	EndGlobalSection
	GlobalSection(SolutionProperties) = preSolution
		HideSolutionNode = FALSE
	EndGlobalSection
	GlobalSection(ExtensibilityGlobals) = postSolution
		SolutionGuid = {A81159CB-D9B6-4C0F-8B4C-6FF351E26618}
	EndGlobalSection
EndGlobal
